
Microsoft Visual Studio Solution File, Format Version 12.00
# Visual Studio Version 16
VisualStudioVersion = 16.0.32510.428
MinimumVisualStudioVersion = 10.0.40219.1
Project("{FAE04EC0-301F-11D3-BF4B-00C04F79EFBC}") = "otherworld", "otherworld\otherworld.csproj", "{74DB2F30-D276-4C86-8030-B0F66F56771E}"
EndProject
Global
	GlobalSection(SolutionConfigurationPlatforms) = preSolution
		Debug|Any CPU = Debug|Any CPU
		Release|Any CPU = Release|Any CPU
	EndGlobalSection
	GlobalSection(ProjectConfigurationPlatforms) = postSolution
		{74DB2F30-D276-4C86-8030-B0F66F56771E}.Debug|Any CPU.ActiveCfg = Debug|Any CPU
		{74DB2F30-D276-4C86-8030-B0F66F56771E}.Debug|Any CPU.Build.0 = Debug|Any CPU
		{74DB2F30-D276-4C86-8030-B0F66F56771E}.Release|Any CPU.ActiveCfg = Release|Any CPU
		{74DB2F30-D276-4C86-8030-B0F66F56771E}.Release|Any CPU.Build.0 = Release|Any CPU
	EndGlobalSection
	GlobalSection(SolutionProperties) = preSolution
		HideSolutionNode = FALSE
	EndGlobalSection
	GlobalSection(ExtensibilityGlobals) = postSolution
		SolutionGuid = {DF5EC3B1-098C-42AF-9F2D-51E0654F4088}
	EndGlobalSection
EndGlobal
